
Microsoft Visual Studio Solution File, Format Version 12.00
# Visual Studio Version 16
VisualStudioVersion = 16.0.29926.136
MinimumVisualStudioVersion = 10.0.40219.1
Project("{FAE04EC0-301F-11D3-BF4B-00C04F79EFBC}") = "CaRental", "CaRental.csproj", "{A5999909-6A90-43EB-86FB-4003A8B779DB}"
EndProject
Global
	GlobalSection(SolutionConfigurationPlatforms) = preSolution
		Debug|Any CPU = Debug|Any CPU
		Release|Any CPU = Release|Any CPU
	EndGlobalSection
	GlobalSection(ProjectConfigurationPlatforms) = postSolution
		{A5999909-6A90-43EB-86FB-4003A8B779DB}.Debug|Any CPU.ActiveCfg = Debug|Any CPU
		{A5999909-6A90-43EB-86FB-4003A8B779DB}.Debug|Any CPU.Build.0 = Debug|Any CPU
		{A5999909-6A90-43EB-86FB-4003A8B779DB}.Release|Any CPU.ActiveCfg = Release|Any CPU
		{A5999909-6A90-43EB-86FB-4003A8B779DB}.Release|Any CPU.Build.0 = Release|Any CPU
	EndGlobalSection
	GlobalSection(SolutionProperties) = preSolution
		HideSolutionNode = FALSE
	EndGlobalSection
	GlobalSection(ExtensibilityGlobals) = postSolution
		SolutionGuid = {5CBF3473-192D-485B-A97B-825182BED472}
	EndGlobalSection
EndGlobal
